
Microsoft Visual Studio Solution File, Format Version 12.00
# Visual Studio 15
VisualStudioVersion = 15.0.27703.2035
MinimumVisualStudioVersion = 10.0.40219.1
Project("{F184B08F-C81C-45F6-A57F-5ABD9991F28F}") = "MyMineSweeper", "MyMineSweeper\MyMineSweeper.vbproj", "{9C0DFD06-19CD-4DF0-936C-3CE49B5CA345}"
EndProject
Global
	GlobalSection(SolutionConfigurationPlatforms) = preSolution
		Debug|Any CPU = Debug|Any CPU
		Release|Any CPU = Release|Any CPU
	EndGlobalSection
	GlobalSection(ProjectConfigurationPlatforms) = postSolution
		{9C0DFD06-19CD-4DF0-936C-3CE49B5CA345}.Debug|Any CPU.ActiveCfg = Debug|Any CPU
		{9C0DFD06-19CD-4DF0-936C-3CE49B5CA345}.Debug|Any CPU.Build.0 = Debug|Any CPU
		{9C0DFD06-19CD-4DF0-936C-3CE49B5CA345}.Release|Any CPU.ActiveCfg = Release|Any CPU
		{9C0DFD06-19CD-4DF0-936C-3CE49B5CA345}.Release|Any CPU.Build.0 = Release|Any CPU
	EndGlobalSection
	GlobalSection(SolutionProperties) = preSolution
		HideSolutionNode = FALSE
	EndGlobalSection
	GlobalSection(ExtensibilityGlobals) = postSolution
		SolutionGuid = {DA3C6DE8-52CF-4DDD-9E53-836F221F655A}
	EndGlobalSection
EndGlobal
